// !$*UTF8*$!
{
	archiveVersion = 1;
	classes = {
	};
	objectVersion = 48;
	objects = {

/* Begin PBXBuildFile section */
		AC00DE2C1F6B1F930051905F /* MarsController.swift in Sources */ = {isa = PBXBuildFile; fileRef = AC00DE2B1F6B1F930051905F /* MarsController.swift */; };
		AC00DE2E1F6B1FA40051905F /* EarthController.swift in Sources */ = {isa = PBXBuildFile; fileRef = AC00DE2D1F6B1FA40051905F /* EarthController.swift */; };
		AC00DE321F6B228D0051905F /* DetailViewController.swift in Sources */ = {isa = PBXBuildFile; fileRef = AC00DE311F6B228D0051905F /* DetailViewController.swift */; };
		AC00DE341F6C34270051905F /* ExploreController.swift in Sources */ = {isa = PBXBuildFile; fileRef = AC00DE331F6C34270051905F /* ExploreController.swift */; };
		AC1F9E951F6C7E24009BAC45 /* HubbleImageMetadata.swift in Sources */ = {isa = PBXBuildFile; fileRef = AC1F9E941F6C7E24009BAC45 /* HubbleImageMetadata.swift */; };
		AC1F9E971F6C9357009BAC45 /* HubbleImage.swift in Sources */ = {isa = PBXBuildFile; fileRef = AC1F9E961F6C9357009BAC45 /* HubbleImage.swift */; };
		AC1F9E991F7033D0009BAC45 /* HubbleImageOperations.swift in Sources */ = {isa = PBXBuildFile; fileRef = AC1F9E981F7033D0009BAC45 /* HubbleImageOperations.swift */; };
		AC1F9E9B1F704FCD009BAC45 /* HubbleImageDetails.swift in Sources */ = {isa = PBXBuildFile; fileRef = AC1F9E9A1F704FCD009BAC45 /* HubbleImageDetails.swift */; };
		AC1F9E9D1F705171009BAC45 /* HubbleImageFileDescriptor.swift in Sources */ = {isa = PBXBuildFile; fileRef = AC1F9E9C1F705171009BAC45 /* HubbleImageFileDescriptor.swift */; };
		AC2861891F742FAA00EB2EE2 /* AlertHelper.swift in Sources */ = {isa = PBXBuildFile; fileRef = AC2861881F742FAA00EB2EE2 /* AlertHelper.swift */; };
		AC3793171F72AFA800195686 /* API.swift in Sources */ = {isa = PBXBuildFile; fileRef = AC3793161F72AFA800195686 /* API.swift */; };
		AC3793191F72B00D00195686 /* MarsRoverAPI.swift in Sources */ = {isa = PBXBuildFile; fileRef = AC3793181F72B00D00195686 /* MarsRoverAPI.swift */; };
		AC37931B1F72B1BF00195686 /* MarsRoverImage.swift in Sources */ = {isa = PBXBuildFile; fileRef = AC37931A1F72B1BF00195686 /* MarsRoverImage.swift */; };
		AC7523BD1F71626500B25665 /* ExploreDetailController.swift in Sources */ = {isa = PBXBuildFile; fileRef = AC7523BC1F71626500B25665 /* ExploreDetailController.swift */; };
		AC89D9BB1F6C356F007ECDCE /* HubbleAPI.swift in Sources */ = {isa = PBXBuildFile; fileRef = AC89D9BA1F6C356F007ECDCE /* HubbleAPI.swift */; };
		AC89D9BD1F6C3941007ECDCE /* ExploreCell.swift in Sources */ = {isa = PBXBuildFile; fileRef = AC89D9BC1F6C3941007ECDCE /* ExploreCell.swift */; };
		ACCA96991F69B4FB00DD3A8F /* AppDelegate.swift in Sources */ = {isa = PBXBuildFile; fileRef = ACCA96981F69B4FB00DD3A8F /* AppDelegate.swift */; };
		ACCA969B1F69B4FB00DD3A8F /* HomeController.swift in Sources */ = {isa = PBXBuildFile; fileRef = ACCA969A1F69B4FB00DD3A8F /* HomeController.swift */; };
		ACCA969E1F69B4FB00DD3A8F /* Main.storyboard in Resources */ = {isa = PBXBuildFile; fileRef = ACCA969C1F69B4FB00DD3A8F /* Main.storyboard */; };
		ACCA96A01F69B4FB00DD3A8F /* Assets.xcassets in Resources */ = {isa = PBXBuildFile; fileRef = ACCA969F1F69B4FB00DD3A8F /* Assets.xcassets */; };
		ACCA96A31F69B4FB00DD3A8F /* LaunchScreen.storyboard in Resources */ = {isa = PBXBuildFile; fileRef = ACCA96A11F69B4FB00DD3A8F /* LaunchScreen.storyboard */; };
		ACCA96AE1F69B4FB00DD3A8F /* LovellTests.swift in Sources */ = {isa = PBXBuildFile; fileRef = ACCA96AD1F69B4FB00DD3A8F /* LovellTests.swift */; };
		ACD5ED9C1F6AF36B0013EEE4 /* MotionService.swift in Sources */ = {isa = PBXBuildFile; fileRef = ACD5ED9B1F6AF36B0013EEE4 /* MotionService.swift */; };
/* End PBXBuildFile section */

/* Begin PBXContainerItemProxy section */
		ACCA96AA1F69B4FB00DD3A8F /* PBXContainerItemProxy */ = {
			isa = PBXContainerItemProxy;
			containerPortal = ACCA968D1F69B4FB00DD3A8F /* Project object */;
			proxyType = 1;
			remoteGlobalIDString = ACCA96941F69B4FB00DD3A8F;
			remoteInfo = Lovell;
		};
/* End PBXContainerItemProxy section */

/* Begin PBXCopyFilesBuildPhase section */
		ACBBB4BA1F6C7A6F009AF783 /* Embed Frameworks */ = {
			isa = PBXCopyFilesBuildPhase;
			buildActionMask = 2147483647;
			dstPath = "";
			dstSubfolderSpec = 10;
			files = (
			);
			name = "Embed Frameworks";
			runOnlyForDeploymentPostprocessing = 0;
		};
/* End PBXCopyFilesBuildPhase section */

/* Begin PBXFileReference section */
		AC00DE2B1F6B1F930051905F /* MarsController.swift */ = {isa = PBXFileReference; lastKnownFileType = sourcecode.swift; path = MarsController.swift; sourceTree = "<group>"; };
		AC00DE2D1F6B1FA40051905F /* EarthController.swift */ = {isa = PBXFileReference; lastKnownFileType = sourcecode.swift; path = EarthController.swift; sourceTree = "<group>"; };
		AC00DE311F6B228D0051905F /* DetailViewController.swift */ = {isa = PBXFileReference; lastKnownFileType = sourcecode.swift; path = DetailViewController.swift; sourceTree = "<group>"; };
		AC00DE331F6C34270051905F /* ExploreController.swift */ = {isa = PBXFileReference; lastKnownFileType = sourcecode.swift; path = ExploreController.swift; sourceTree = "<group>"; };
		AC1F9E941F6C7E24009BAC45 /* HubbleImageMetadata.swift */ = {isa = PBXFileReference; lastKnownFileType = sourcecode.swift; path = HubbleImageMetadata.swift; sourceTree = "<group>"; };
		AC1F9E961F6C9357009BAC45 /* HubbleImage.swift */ = {isa = PBXFileReference; lastKnownFileType = sourcecode.swift; path = HubbleImage.swift; sourceTree = "<group>"; };
		AC1F9E981F7033D0009BAC45 /* HubbleImageOperations.swift */ = {isa = PBXFileReference; lastKnownFileType = sourcecode.swift; path = HubbleImageOperations.swift; sourceTree = "<group>"; };
		AC1F9E9A1F704FCD009BAC45 /* HubbleImageDetails.swift */ = {isa = PBXFileReference; lastKnownFileType = sourcecode.swift; path = HubbleImageDetails.swift; sourceTree = "<group>"; };
		AC1F9E9C1F705171009BAC45 /* HubbleImageFileDescriptor.swift */ = {isa = PBXFileReference; lastKnownFileType = sourcecode.swift; path = HubbleImageFileDescriptor.swift; sourceTree = "<group>"; };
		AC2861881F742FAA00EB2EE2 /* AlertHelper.swift */ = {isa = PBXFileReference; lastKnownFileType = sourcecode.swift; path = AlertHelper.swift; sourceTree = "<group>"; };
		AC3793161F72AFA800195686 /* API.swift */ = {isa = PBXFileReference; lastKnownFileType = sourcecode.swift; path = API.swift; sourceTree = "<group>"; };
		AC3793181F72B00D00195686 /* MarsRoverAPI.swift */ = {isa = PBXFileReference; lastKnownFileType = sourcecode.swift; path = MarsRoverAPI.swift; sourceTree = "<group>"; };
		AC37931A1F72B1BF00195686 /* MarsRoverImage.swift */ = {isa = PBXFileReference; lastKnownFileType = sourcecode.swift; path = MarsRoverImage.swift; sourceTree = "<group>"; };
		AC7523BC1F71626500B25665 /* ExploreDetailController.swift */ = {isa = PBXFileReference; lastKnownFileType = sourcecode.swift; path = ExploreDetailController.swift; sourceTree = "<group>"; };
		AC89D9BA1F6C356F007ECDCE /* HubbleAPI.swift */ = {isa = PBXFileReference; lastKnownFileType = sourcecode.swift; path = HubbleAPI.swift; sourceTree = "<group>"; };
		AC89D9BC1F6C3941007ECDCE /* ExploreCell.swift */ = {isa = PBXFileReference; lastKnownFileType = sourcecode.swift; path = ExploreCell.swift; sourceTree = "<group>"; };
		ACCA96951F69B4FB00DD3A8F /* Lovell.app */ = {isa = PBXFileReference; explicitFileType = wrapper.application; includeInIndex = 0; path = Lovell.app; sourceTree = BUILT_PRODUCTS_DIR; };
		ACCA96981F69B4FB00DD3A8F /* AppDelegate.swift */ = {isa = PBXFileReference; lastKnownFileType = sourcecode.swift; path = AppDelegate.swift; sourceTree = "<group>"; };
		ACCA969A1F69B4FB00DD3A8F /* HomeController.swift */ = {isa = PBXFileReference; lastKnownFileType = sourcecode.swift; path = HomeController.swift; sourceTree = "<group>"; };
		ACCA969D1F69B4FB00DD3A8F /* Base */ = {isa = PBXFileReference; lastKnownFileType = file.storyboard; name = Base; path = Base.lproj/Main.storyboard; sourceTree = "<group>"; };
		ACCA969F1F69B4FB00DD3A8F /* Assets.xcassets */ = {isa = PBXFileReference; lastKnownFileType = folder.assetcatalog; path = Assets.xcassets; sourceTree = "<group>"; };
		ACCA96A21F69B4FB00DD3A8F /* Base */ = {isa = PBXFileReference; lastKnownFileType = file.storyboard; name = Base; path = Base.lproj/LaunchScreen.storyboard; sourceTree = "<group>"; };
		ACCA96A41F69B4FB00DD3A8F /* Info.plist */ = {isa = PBXFileReference; lastKnownFileType = text.plist.xml; path = Info.plist; sourceTree = "<group>"; };
		ACCA96A91F69B4FB00DD3A8F /* LovellTests.xctest */ = {isa = PBXFileReference; explicitFileType = wrapper.cfbundle; includeInIndex = 0; path = LovellTests.xctest; sourceTree = BUILT_PRODUCTS_DIR; };
		ACCA96AD1F69B4FB00DD3A8F /* LovellTests.swift */ = {isa = PBXFileReference; lastKnownFileType = sourcecode.swift; path = LovellTests.swift; sourceTree = "<group>"; };
		ACCA96AF1F69B4FB00DD3A8F /* Info.plist */ = {isa = PBXFileReference; lastKnownFileType = text.plist.xml; path = Info.plist; sourceTree = "<group>"; };
		ACD5ED9B1F6AF36B0013EEE4 /* MotionService.swift */ = {isa = PBXFileReference; lastKnownFileType = sourcecode.swift; path = MotionService.swift; sourceTree = "<group>"; };
/* End PBXFileReference section */

/* Begin PBXFrameworksBuildPhase section */
		ACCA96921F69B4FB00DD3A8F /* Frameworks */ = {
			isa = PBXFrameworksBuildPhase;
			buildActionMask = 2147483647;
			files = (
			);
			runOnlyForDeploymentPostprocessing = 0;
		};
		ACCA96A61F69B4FB00DD3A8F /* Frameworks */ = {
			isa = PBXFrameworksBuildPhase;
			buildActionMask = 2147483647;
			files = (
			);
			runOnlyForDeploymentPostprocessing = 0;
		};
/* End PBXFrameworksBuildPhase section */

/* Begin PBXGroup section */
		AC1F9E931F6C7E0F009BAC45 /* HubbleAPI */ = {
			isa = PBXGroup;
			children = (
				AC89D9BA1F6C356F007ECDCE /* HubbleAPI.swift */,
				AC1F9E961F6C9357009BAC45 /* HubbleImage.swift */,
				AC1F9E941F6C7E24009BAC45 /* HubbleImageMetadata.swift */,
				AC1F9E9A1F704FCD009BAC45 /* HubbleImageDetails.swift */,
				AC1F9E9C1F705171009BAC45 /* HubbleImageFileDescriptor.swift */,
				AC1F9E981F7033D0009BAC45 /* HubbleImageOperations.swift */,
			);
			path = HubbleAPI;
			sourceTree = "<group>";
		};
		AC3793151F72AF7A00195686 /* MarsRoverAPI */ = {
			isa = PBXGroup;
			children = (
				AC3793181F72B00D00195686 /* MarsRoverAPI.swift */,
				AC37931A1F72B1BF00195686 /* MarsRoverImage.swift */,
			);
			path = MarsRoverAPI;
			sourceTree = "<group>";
		};
		ACCA968C1F69B4FB00DD3A8F = {
			isa = PBXGroup;
			children = (
				ACCA96971F69B4FB00DD3A8F /* Lovell */,
				ACCA96AC1F69B4FB00DD3A8F /* LovellTests */,
				ACCA96961F69B4FB00DD3A8F /* Products */,
			);
			sourceTree = "<group>";
		};
		ACCA96961F69B4FB00DD3A8F /* Products */ = {
			isa = PBXGroup;
			children = (
				ACCA96951F69B4FB00DD3A8F /* Lovell.app */,
				ACCA96A91F69B4FB00DD3A8F /* LovellTests.xctest */,
			);
			name = Products;
			sourceTree = "<group>";
		};
		ACCA96971F69B4FB00DD3A8F /* Lovell */ = {
			isa = PBXGroup;
			children = (
				ACCA96B81F6ADE3400DD3A8F /* Views */,
				ACCA96B91F6ADE3B00DD3A8F /* Controllers */,
				ACCA96BA1F6ADE6F00DD3A8F /* Services */,
				ACCA96BB1F6ADE8600DD3A8F /* Helpers */,
				ACCA96BC1F6ADE9F00DD3A8F /* Storyboards */,
				ACCA96981F69B4FB00DD3A8F /* AppDelegate.swift */,
				ACCA969F1F69B4FB00DD3A8F /* Assets.xcassets */,
				ACCA96A41F69B4FB00DD3A8F /* Info.plist */,
			);
			path = Lovell;
			sourceTree = "<group>";
		};
		ACCA96AC1F69B4FB00DD3A8F /* LovellTests */ = {
			isa = PBXGroup;
			children = (
				ACCA96AD1F69B4FB00DD3A8F /* LovellTests.swift */,
				ACCA96AF1F69B4FB00DD3A8F /* Info.plist */,
			);
			path = LovellTests;
			sourceTree = "<group>";
		};
		ACCA96B81F6ADE3400DD3A8F /* Views */ = {
			isa = PBXGroup;
			children = (
				AC89D9BC1F6C3941007ECDCE /* ExploreCell.swift */,
			);
			path = Views;
			sourceTree = "<group>";
		};
		ACCA96B91F6ADE3B00DD3A8F /* Controllers */ = {
			isa = PBXGroup;
			children = (
				ACCA969A1F69B4FB00DD3A8F /* HomeController.swift */,
				AC00DE311F6B228D0051905F /* DetailViewController.swift */,
				AC00DE2B1F6B1F930051905F /* MarsController.swift */,
				AC00DE2D1F6B1FA40051905F /* EarthController.swift */,
				AC00DE331F6C34270051905F /* ExploreController.swift */,
				AC7523BC1F71626500B25665 /* ExploreDetailController.swift */,
			);
			path = Controllers;
			sourceTree = "<group>";
		};
		ACCA96BA1F6ADE6F00DD3A8F /* Services */ = {
			isa = PBXGroup;
			children = (
				AC3793151F72AF7A00195686 /* MarsRoverAPI */,
				AC1F9E931F6C7E0F009BAC45 /* HubbleAPI */,
				ACD5ED9B1F6AF36B0013EEE4 /* MotionService.swift */,
				AC3793161F72AFA800195686 /* API.swift */,
			);
			path = Services;
			sourceTree = "<group>";
		};
		ACCA96BB1F6ADE8600DD3A8F /* Helpers */ = {
			isa = PBXGroup;
			children = (
				AC2861881F742FAA00EB2EE2 /* AlertHelper.swift */,
			);
			path = Helpers;
			sourceTree = "<group>";
		};
		ACCA96BC1F6ADE9F00DD3A8F /* Storyboards */ = {
			isa = PBXGroup;
			children = (
				ACCA969C1F69B4FB00DD3A8F /* Main.storyboard */,
				ACCA96A11F69B4FB00DD3A8F /* LaunchScreen.storyboard */,
			);
			path = Storyboards;
			sourceTree = "<group>";
		};
/* End PBXGroup section */

/* Begin PBXNativeTarget section */
		ACCA96941F69B4FB00DD3A8F /* Lovell */ = {
			isa = PBXNativeTarget;
			buildConfigurationList = ACCA96B21F69B4FB00DD3A8F /* Build configuration list for PBXNativeTarget "Lovell" */;
			buildPhases = (
				ACCA96911F69B4FB00DD3A8F /* Sources */,
				ACCA96921F69B4FB00DD3A8F /* Frameworks */,
				ACCA96931F69B4FB00DD3A8F /* Resources */,
				ACBBB4BA1F6C7A6F009AF783 /* Embed Frameworks */,
			);
			buildRules = (
			);
			dependencies = (
			);
			name = Lovell;
			productName = Lovell;
			productReference = ACCA96951F69B4FB00DD3A8F /* Lovell.app */;
			productType = "com.apple.product-type.application";
		};
		ACCA96A81F69B4FB00DD3A8F /* LovellTests */ = {
			isa = PBXNativeTarget;
			buildConfigurationList = ACCA96B51F69B4FB00DD3A8F /* Build configuration list for PBXNativeTarget "LovellTests" */;
			buildPhases = (
				ACCA96A51F69B4FB00DD3A8F /* Sources */,
				ACCA96A61F69B4FB00DD3A8F /* Frameworks */,
				ACCA96A71F69B4FB00DD3A8F /* Resources */,
			);
			buildRules = (
			);
			dependencies = (
				ACCA96AB1F69B4FB00DD3A8F /* PBXTargetDependency */,
			);
			name = LovellTests;
			productName = LovellTests;
			productReference = ACCA96A91F69B4FB00DD3A8F /* LovellTests.xctest */;
			productType = "com.apple.product-type.bundle.unit-test";
		};
/* End PBXNativeTarget section */

/* Begin PBXProject section */
		ACCA968D1F69B4FB00DD3A8F /* Project object */ = {
			isa = PBXProject;
			attributes = {
				LastSwiftUpdateCheck = 0900;
				LastUpgradeCheck = 0900;
				ORGANIZATIONNAME = Novel;
				TargetAttributes = {
					ACCA96941F69B4FB00DD3A8F = {
						CreatedOnToolsVersion = 9.0;
						ProvisioningStyle = Automatic;
					};
					ACCA96A81F69B4FB00DD3A8F = {
						CreatedOnToolsVersion = 9.0;
						ProvisioningStyle = Automatic;
						TestTargetID = ACCA96941F69B4FB00DD3A8F;
					};
				};
			};
			buildConfigurationList = ACCA96901F69B4FB00DD3A8F /* Build configuration list for PBXProject "Lovell" */;
			compatibilityVersion = "Xcode 8.0";
			developmentRegion = en;
			hasScannedForEncodings = 0;
			knownRegions = (
				en,
				Base,
			);
			mainGroup = ACCA968C1F69B4FB00DD3A8F;
			productRefGroup = ACCA96961F69B4FB00DD3A8F /* Products */;
			projectDirPath = "";
			projectRoot = "";
			targets = (
				ACCA96941F69B4FB00DD3A8F /* Lovell */,
				ACCA96A81F69B4FB00DD3A8F /* LovellTests */,
			);
		};
/* End PBXProject section */

/* Begin PBXResourcesBuildPhase section */
		ACCA96931F69B4FB00DD3A8F /* Resources */ = {
			isa = PBXResourcesBuildPhase;
			buildActionMask = 2147483647;
			files = (
				ACCA96A31F69B4FB00DD3A8F /* LaunchScreen.storyboard in Resources */,
				ACCA96A01F69B4FB00DD3A8F /* Assets.xcassets in Resources */,
				ACCA969E1F69B4FB00DD3A8F /* Main.storyboard in Resources */,
			);
			runOnlyForDeploymentPostprocessing = 0;
		};
		ACCA96A71F69B4FB00DD3A8F /* Resources */ = {
			isa = PBXResourcesBuildPhase;
			buildActionMask = 2147483647;
			files = (
			);
			runOnlyForDeploymentPostprocessing = 0;
		};
/* End PBXResourcesBuildPhase section */

/* Begin PBXSourcesBuildPhase section */
		ACCA96911F69B4FB00DD3A8F /* Sources */ = {
			isa = PBXSourcesBuildPhase;
			buildActionMask = 2147483647;
			files = (
				ACCA969B1F69B4FB00DD3A8F /* HomeController.swift in Sources */,
				ACCA96991F69B4FB00DD3A8F /* AppDelegate.swift in Sources */,
				AC7523BD1F71626500B25665 /* ExploreDetailController.swift in Sources */,
				AC00DE2C1F6B1F930051905F /* MarsController.swift in Sources */,
				AC00DE2E1F6B1FA40051905F /* EarthController.swift in Sources */,
				AC1F9E9D1F705171009BAC45 /* HubbleImageFileDescriptor.swift in Sources */,
				ACD5ED9C1F6AF36B0013EEE4 /* MotionService.swift in Sources */,
				AC37931B1F72B1BF00195686 /* MarsRoverImage.swift in Sources */,
				AC00DE341F6C34270051905F /* ExploreController.swift in Sources */,
				AC2861891F742FAA00EB2EE2 /* AlertHelper.swift in Sources */,
				AC1F9E9B1F704FCD009BAC45 /* HubbleImageDetails.swift in Sources */,
				AC89D9BB1F6C356F007ECDCE /* HubbleAPI.swift in Sources */,
				AC1F9E991F7033D0009BAC45 /* HubbleImageOperations.swift in Sources */,
				AC00DE321F6B228D0051905F /* DetailViewController.swift in Sources */,
				AC89D9BD1F6C3941007ECDCE /* ExploreCell.swift in Sources */,
				AC1F9E951F6C7E24009BAC45 /* HubbleImageMetadata.swift in Sources */,
				AC3793171F72AFA800195686 /* API.swift in Sources */,
				AC1F9E971F6C9357009BAC45 /* HubbleImage.swift in Sources */,
				AC3793191F72B00D00195686 /* MarsRoverAPI.swift in Sources */,
			);
			runOnlyForDeploymentPostprocessing = 0;
		};
		ACCA96A51F69B4FB00DD3A8F /* Sources */ = {
			isa = PBXSourcesBuildPhase;
			buildActionMask = 2147483647;
			files = (
				ACCA96AE1F69B4FB00DD3A8F /* LovellTests.swift in Sources */,
			);
			runOnlyForDeploymentPostprocessing = 0;
		};
/* End PBXSourcesBuildPhase section */

/* Begin PBXTargetDependency section */
		ACCA96AB1F69B4FB00DD3A8F /* PBXTargetDependency */ = {
			isa = PBXTargetDependency;
			target = ACCA96941F69B4FB00DD3A8F /* Lovell */;
			targetProxy = ACCA96AA1F69B4FB00DD3A8F /* PBXContainerItemProxy */;
		};
/* End PBXTargetDependency section */

/* Begin PBXVariantGroup section */
		ACCA969C1F69B4FB00DD3A8F /* Main.storyboard */ = {
			isa = PBXVariantGroup;
			children = (
				ACCA969D1F69B4FB00DD3A8F /* Base */,
			);
			name = Main.storyboard;
			sourceTree = "<group>";
		};
		ACCA96A11F69B4FB00DD3A8F /* LaunchScreen.storyboard */ = {
			isa = PBXVariantGroup;
			children = (
				ACCA96A21F69B4FB00DD3A8F /* Base */,
			);
			name = LaunchScreen.storyboard;
			sourceTree = "<group>";
		};
/* End PBXVariantGroup section */

/* Begin XCBuildConfiguration section */
		ACCA96B01F69B4FB00DD3A8F /* Debug */ = {
			isa = XCBuildConfiguration;
			buildSettings = {
				ALWAYS_SEARCH_USER_PATHS = NO;
				CLANG_ANALYZER_NONNULL = YES;
				CLANG_ANALYZER_NUMBER_OBJECT_CONVERSION = YES_AGGRESSIVE;
				CLANG_CXX_LANGUAGE_STANDARD = "gnu++14";
				CLANG_CXX_LIBRARY = "libc++";
				CLANG_ENABLE_MODULES = YES;
				CLANG_ENABLE_OBJC_ARC = YES;
				CLANG_WARN_BLOCK_CAPTURE_AUTORELEASING = YES;
				CLANG_WARN_BOOL_CONVERSION = YES;
				CLANG_WARN_COMMA = YES;
				CLANG_WARN_CONSTANT_CONVERSION = YES;
				CLANG_WARN_DIRECT_OBJC_ISA_USAGE = YES_ERROR;
				CLANG_WARN_DOCUMENTATION_COMMENTS = YES;
				CLANG_WARN_EMPTY_BODY = YES;
				CLANG_WARN_ENUM_CONVERSION = YES;
				CLANG_WARN_INFINITE_RECURSION = YES;
				CLANG_WARN_INT_CONVERSION = YES;
				CLANG_WARN_NON_LITERAL_NULL_CONVERSION = YES;
				CLANG_WARN_OBJC_LITERAL_CONVERSION = YES;
				CLANG_WARN_OBJC_ROOT_CLASS = YES_ERROR;
				CLANG_WARN_RANGE_LOOP_ANALYSIS = YES;
				CLANG_WARN_STRICT_PROTOTYPES = YES;
				CLANG_WARN_SUSPICIOUS_MOVE = YES;
				CLANG_WARN_UNGUARDED_AVAILABILITY = YES_AGGRESSIVE;
				CLANG_WARN_UNREACHABLE_CODE = YES;
				CLANG_WARN__DUPLICATE_METHOD_MATCH = YES;
				CODE_SIGN_IDENTITY = "iPhone Developer";
				COPY_PHASE_STRIP = NO;
				DEBUG_INFORMATION_FORMAT = dwarf;
				ENABLE_STRICT_OBJC_MSGSEND = YES;
				ENABLE_TESTABILITY = YES;
				GCC_C_LANGUAGE_STANDARD = gnu11;
				GCC_DYNAMIC_NO_PIC = NO;
				GCC_NO_COMMON_BLOCKS = YES;
				GCC_OPTIMIZATION_LEVEL = 0;
				GCC_PREPROCESSOR_DEFINITIONS = (
					"DEBUG=1",
					"$(inherited)",
				);
				GCC_WARN_64_TO_32_BIT_CONVERSION = YES;
				GCC_WARN_ABOUT_RETURN_TYPE = YES_ERROR;
				GCC_WARN_UNDECLARED_SELECTOR = YES;
				GCC_WARN_UNINITIALIZED_AUTOS = YES_AGGRESSIVE;
				GCC_WARN_UNUSED_FUNCTION = YES;
				GCC_WARN_UNUSED_VARIABLE = YES;
				IPHONEOS_DEPLOYMENT_TARGET = 11.0;
				MTL_ENABLE_DEBUG_INFO = YES;
				ONLY_ACTIVE_ARCH = YES;
				SDKROOT = iphoneos;
				SWIFT_ACTIVE_COMPILATION_CONDITIONS = DEBUG;
				SWIFT_OPTIMIZATION_LEVEL = "-Onone";
			};
			name = Debug;
		};
		ACCA96B11F69B4FB00DD3A8F /* Release */ = {
			isa = XCBuildConfiguration;
			buildSettings = {
				ALWAYS_SEARCH_USER_PATHS = NO;
				CLANG_ANALYZER_NONNULL = YES;
				CLANG_ANALYZER_NUMBER_OBJECT_CONVERSION = YES_AGGRESSIVE;
				CLANG_CXX_LANGUAGE_STANDARD = "gnu++14";
				CLANG_CXX_LIBRARY = "libc++";
				CLANG_ENABLE_MODULES = YES;
				CLANG_ENABLE_OBJC_ARC = YES;
				CLANG_WARN_BLOCK_CAPTURE_AUTORELEASING = YES;
				CLANG_WARN_BOOL_CONVERSION = YES;
				CLANG_WARN_COMMA = YES;
				CLANG_WARN_CONSTANT_CONVERSION = YES;
				CLANG_WARN_DIRECT_OBJC_ISA_USAGE = YES_ERROR;
				CLANG_WARN_DOCUMENTATION_COMMENTS = YES;
				CLANG_WARN_EMPTY_BODY = YES;
				CLANG_WARN_ENUM_CONVERSION = YES;
				CLANG_WARN_INFINITE_RECURSION = YES;
				CLANG_WARN_INT_CONVERSION = YES;
				CLANG_WARN_NON_LITERAL_NULL_CONVERSION = YES;
				CLANG_WARN_OBJC_LITERAL_CONVERSION = YES;
				CLANG_WARN_OBJC_ROOT_CLASS = YES_ERROR;
				CLANG_WARN_RANGE_LOOP_ANALYSIS = YES;
				CLANG_WARN_STRICT_PROTOTYPES = YES;
				CLANG_WARN_SUSPICIOUS_MOVE = YES;
				CLANG_WARN_UNGUARDED_AVAILABILITY = YES_AGGRESSIVE;
				CLANG_WARN_UNREACHABLE_CODE = YES;
				CLANG_WARN__DUPLICATE_METHOD_MATCH = YES;
				CODE_SIGN_IDENTITY = "iPhone Developer";
				COPY_PHASE_STRIP = NO;
				DEBUG_INFORMATION_FORMAT = "dwarf-with-dsym";
				ENABLE_NS_ASSERTIONS = NO;
				ENABLE_STRICT_OBJC_MSGSEND = YES;
				GCC_C_LANGUAGE_STANDARD = gnu11;
				GCC_NO_COMMON_BLOCKS = YES;
				GCC_WARN_64_TO_32_BIT_CONVERSION = YES;
				GCC_WARN_ABOUT_RETURN_TYPE = YES_ERROR;
				GCC_WARN_UNDECLARED_SELECTOR = YES;
				GCC_WARN_UNINITIALIZED_AUTOS = YES_AGGRESSIVE;
				GCC_WARN_UNUSED_FUNCTION = YES;
				GCC_WARN_UNUSED_VARIABLE = YES;
				IPHONEOS_DEPLOYMENT_TARGET = 11.0;
				MTL_ENABLE_DEBUG_INFO = NO;
				SDKROOT = iphoneos;
				SWIFT_OPTIMIZATION_LEVEL = "-Owholemodule";
				VALIDATE_PRODUCT = YES;
			};
			name = Release;
		};
		ACCA96B31F69B4FB00DD3A8F /* Debug */ = {
			isa = XCBuildConfiguration;
			buildSettings = {
				ASSETCATALOG_COMPILER_APPICON_NAME = AppIcon;
				CODE_SIGN_STYLE = Automatic;
				DEVELOPMENT_TEAM = 42DJD2F3FM;
				FRAMEWORK_SEARCH_PATHS = (
					"$(inherited)",
					"$(PROJECT_DIR)/Carthage/Build/iOS",
				);
				INFOPLIST_FILE = Lovell/Info.plist;
				IPHONEOS_DEPLOYMENT_TARGET = 10.3;
				LD_RUNPATH_SEARCH_PATHS = "$(inherited) @executable_path/Frameworks";
				PRODUCT_BUNDLE_IDENTIFIER = Novel.Lovell;
				PRODUCT_NAME = "$(TARGET_NAME)";
				SWIFT_VERSION = 4.0;
				TARGETED_DEVICE_FAMILY = 2;
			};
			name = Debug;
		};
		ACCA96B41F69B4FB00DD3A8F /* Release */ = {
			isa = XCBuildConfiguration;
			buildSettings = {
				ASSETCATALOG_COMPILER_APPICON_NAME = AppIcon;
				CODE_SIGN_STYLE = Automatic;
				DEVELOPMENT_TEAM = 42DJD2F3FM;
				FRAMEWORK_SEARCH_PATHS = (
					"$(inherited)",
					"$(PROJECT_DIR)/Carthage/Build/iOS",
				);
				INFOPLIST_FILE = Lovell/Info.plist;
				IPHONEOS_DEPLOYMENT_TARGET = 10.3;
				LD_RUNPATH_SEARCH_PATHS = "$(inherited) @executable_path/Frameworks";
				PRODUCT_BUNDLE_IDENTIFIER = Novel.Lovell;
				PRODUCT_NAME = "$(TARGET_NAME)";
				SWIFT_VERSION = 4.0;
				TARGETED_DEVICE_FAMILY = 2;
			};
			name = Release;
		};
		ACCA96B61F69B4FB00DD3A8F /* Debug */ = {
			isa = XCBuildConfiguration;
			buildSettings = {
				ALWAYS_EMBED_SWIFT_STANDARD_LIBRARIES = YES;
				BUNDLE_LOADER = "$(TEST_HOST)";
				CODE_SIGN_STYLE = Automatic;
				DEVELOPMENT_TEAM = 42DJD2F3FM;
				INFOPLIST_FILE = LovellTests/Info.plist;
				LD_RUNPATH_SEARCH_PATHS = "$(inherited) @executable_path/Frameworks @loader_path/Frameworks";
				PRODUCT_BUNDLE_IDENTIFIER = Novel.LovellTests;
				PRODUCT_NAME = "$(TARGET_NAME)";
				SWIFT_VERSION = 4.0;
				TARGETED_DEVICE_FAMILY = "1,2";
				TEST_HOST = "$(BUILT_PRODUCTS_DIR)/Lovell.app/Lovell";
			};
			name = Debug;
		};
		ACCA96B71F69B4FB00DD3A8F /* Release */ = {
			isa = XCBuildConfiguration;
			buildSettings = {
				ALWAYS_EMBED_SWIFT_STANDARD_LIBRARIES = YES;
				BUNDLE_LOADER = "$(TEST_HOST)";
				CODE_SIGN_STYLE = Automatic;
				DEVELOPMENT_TEAM = 42DJD2F3FM;
				INFOPLIST_FILE = LovellTests/Info.plist;
				LD_RUNPATH_SEARCH_PATHS = "$(inherited) @executable_path/Frameworks @loader_path/Frameworks";
				PRODUCT_BUNDLE_IDENTIFIER = Novel.LovellTests;
				PRODUCT_NAME = "$(TARGET_NAME)";
				SWIFT_VERSION = 4.0;
				TARGETED_DEVICE_FAMILY = "1,2";
				TEST_HOST = "$(BUILT_PRODUCTS_DIR)/Lovell.app/Lovell";
			};
			name = Release;
		};
/* End XCBuildConfiguration section */

/* Begin XCConfigurationList section */
		ACCA96901F69B4FB00DD3A8F /* Build configuration list for PBXProject "Lovell" */ = {
			isa = XCConfigurationList;
			buildConfigurations = (
				ACCA96B01F69B4FB00DD3A8F /* Debug */,
				ACCA96B11F69B4FB00DD3A8F /* Release */,
			);
			defaultConfigurationIsVisible = 0;
			defaultConfigurationName = Release;
		};
		ACCA96B21F69B4FB00DD3A8F /* Build configuration list for PBXNativeTarget "Lovell" */ = {
			isa = XCConfigurationList;
			buildConfigurations = (
				ACCA96B31F69B4FB00DD3A8F /* Debug */,
				ACCA96B41F69B4FB00DD3A8F /* Release */,
			);
			defaultConfigurationIsVisible = 0;
			defaultConfigurationName = Release;
		};
		ACCA96B51F69B4FB00DD3A8F /* Build configuration list for PBXNativeTarget "LovellTests" */ = {
			isa = XCConfigurationList;
			buildConfigurations = (
				ACCA96B61F69B4FB00DD3A8F /* Debug */,
				ACCA96B71F69B4FB00DD3A8F /* Release */,
			);
			defaultConfigurationIsVisible = 0;
			defaultConfigurationName = Release;
		};
/* End XCConfigurationList section */
	};
	rootObject = ACCA968D1F69B4FB00DD3A8F /* Project object */;
}
